
Microsoft Visual Studio Solution File, Format Version 12.00
# Visual Studio Version 17
VisualStudioVersion = 17.4.33122.133
MinimumVisualStudioVersion = 10.0.40219.1
Project("{F2A71F9B-5D33-465A-A702-920D77279786}") = "SalesWebMVC", "SalesWebMVC\SalesWebMVC.fsproj", "{72F3DDB8-8266-4C4B-A5B0-296E640C050E}"
EndProject
Global
	GlobalSection(SolutionConfigurationPlatforms) = preSolution
		Debug|Any CPU = Debug|Any CPU
		Release|Any CPU = Release|Any CPU
	EndGlobalSection
	GlobalSection(ProjectConfigurationPlatforms) = postSolution
		{72F3DDB8-8266-4C4B-A5B0-296E640C050E}.Debug|Any CPU.ActiveCfg = Debug|Any CPU
		{72F3DDB8-8266-4C4B-A5B0-296E640C050E}.Debug|Any CPU.Build.0 = Debug|Any CPU
		{72F3DDB8-8266-4C4B-A5B0-296E640C050E}.Release|Any CPU.ActiveCfg = Release|Any CPU
		{72F3DDB8-8266-4C4B-A5B0-296E640C050E}.Release|Any CPU.Build.0 = Release|Any CPU
	EndGlobalSection
	GlobalSection(SolutionProperties) = preSolution
		HideSolutionNode = FALSE
	EndGlobalSection
	GlobalSection(ExtensibilityGlobals) = postSolution
		SolutionGuid = {300E5BB7-05EA-4458-8696-F2F090534E50}
	EndGlobalSection
EndGlobal
