
Microsoft Visual Studio Solution File, Format Version 12.00
# Visual Studio Version 17
VisualStudioVersion = 17.4.33122.133
MinimumVisualStudioVersion = 10.0.40219.1
Project("{FAE04EC0-301F-11D3-BF4B-00C04F79EFBC}") = "WebSalesMvc", "WebSalesMvc\WebSalesMvc.csproj", "{6491333C-F36F-473B-B6D5-2CB104399339}"
EndProject
Global
	GlobalSection(SolutionConfigurationPlatforms) = preSolution
		Debug|Any CPU = Debug|Any CPU
		Release|Any CPU = Release|Any CPU
	EndGlobalSection
	GlobalSection(ProjectConfigurationPlatforms) = postSolution
		{6491333C-F36F-473B-B6D5-2CB104399339}.Debug|Any CPU.ActiveCfg = Debug|Any CPU
		{6491333C-F36F-473B-B6D5-2CB104399339}.Debug|Any CPU.Build.0 = Debug|Any CPU
		{6491333C-F36F-473B-B6D5-2CB104399339}.Release|Any CPU.ActiveCfg = Release|Any CPU
		{6491333C-F36F-473B-B6D5-2CB104399339}.Release|Any CPU.Build.0 = Release|Any CPU
	EndGlobalSection
	GlobalSection(SolutionProperties) = preSolution
		HideSolutionNode = FALSE
	EndGlobalSection
	GlobalSection(ExtensibilityGlobals) = postSolution
		SolutionGuid = {A6851BCC-B9A2-4A43-83F4-8B96A760B4D8}
	EndGlobalSection
EndGlobal
